
Microsoft Visual Studio Solution File, Format Version 11.00
# Visual Studio 2010
Project("{FAE04EC0-301F-11D3-BF4B-00C04F79EFBC}") = "Assembly-CSharp", "Assembly-CSharp.csproj", "{d8a54ae8-4a8c-2b6f-f4eb-542ee839f28c}"
EndProject
Project("{FAE04EC0-301F-11D3-BF4B-00C04F79EFBC}") = "Assembly-CSharp-Editor", "Assembly-CSharp-Editor.csproj", "{1daa5196-cea0-16ee-fa34-ffcbd571530b}"
EndProject
Global
	GlobalSection(SolutionConfigurationPlatforms) = preSolution
		Debug|Any CPU = Debug|Any CPU
	EndGlobalSection
	GlobalSection(ProjectConfigurationPlatforms) = postSolution
		{d8a54ae8-4a8c-2b6f-f4eb-542ee839f28c}.Debug|Any CPU.ActiveCfg = Debug|Any CPU
		{d8a54ae8-4a8c-2b6f-f4eb-542ee839f28c}.Debug|Any CPU.Build.0 = Debug|Any CPU
		{1daa5196-cea0-16ee-fa34-ffcbd571530b}.Debug|Any CPU.ActiveCfg = Debug|Any CPU
		{1daa5196-cea0-16ee-fa34-ffcbd571530b}.Debug|Any CPU.Build.0 = Debug|Any CPU
	EndGlobalSection
	GlobalSection(SolutionProperties) = preSolution
		HideSolutionNode = FALSE
	EndGlobalSection
EndGlobal
